// !$*UTF8*$!
{
	archiveVersion = 1;
	classes = {
	};
	objectVersion = 46;
	objects = {

/* Begin PBXBuildFile section */
		F55FD43D1D47520C00F2E5F5 /* main.m in Sources */ = {isa = PBXBuildFile; fileRef = F55FD43C1D47520C00F2E5F5 /* main.m */; };
		F55FD4401D47520C00F2E5F5 /* AppDelegate.m in Sources */ = {isa = PBXBuildFile; fileRef = F55FD43F1D47520C00F2E5F5 /* AppDelegate.m */; };
		F55FD4431D47520C00F2E5F5 /* ViewController.m in Sources */ = {isa = PBXBuildFile; fileRef = F55FD4421D47520C00F2E5F5 /* ViewController.m */; };
		F55FD4461D47520C00F2E5F5 /* Main.storyboard in Resources */ = {isa = PBXBuildFile; fileRef = F55FD4441D47520C00F2E5F5 /* Main.storyboard */; };
		F55FD4481D47520C00F2E5F5 /* Assets.xcassets in Resources */ = {isa = PBXBuildFile; fileRef = F55FD4471D47520C00F2E5F5 /* Assets.xcassets */; };
		F55FD44B1D47520C00F2E5F5 /* LaunchScreen.storyboard in Resources */ = {isa = PBXBuildFile; fileRef = F55FD4491D47520C00F2E5F5 /* LaunchScreen.storyboard */; };
		F55FD4541D4754FE00F2E5F5 /* MyTestFile.m in Sources */ = {isa = PBXBuildFile; fileRef = F55FD4531D4754FE00F2E5F5 /* MyTestFile.m */; };
/* End PBXBuildFile section */

/* Begin PBXFileReference section */
		F55FD4381D47520C00F2E5F5 /* GitHub.app */ = {isa = PBXFileReference; explicitFileType = wrapper.application; includeInIndex = 0; path = GitHub.app; sourceTree = BUILT_PRODUCTS_DIR; };
		F55FD43C1D47520C00F2E5F5 /* main.m */ = {isa = PBXFileReference; lastKnownFileType = sourcecode.c.objc; path = main.m; sourceTree = "<group>"; };
		F55FD43E1D47520C00F2E5F5 /* AppDelegate.h */ = {isa = PBXFileReference; lastKnownFileType = sourcecode.c.h; path = AppDelegate.h; sourceTree = "<group>"; };
		F55FD43F1D47520C00F2E5F5 /* AppDelegate.m */ = {isa = PBXFileReference; lastKnownFileType = sourcecode.c.objc; path = AppDelegate.m; sourceTree = "<group>"; };
		F55FD4411D47520C00F2E5F5 /* ViewController.h */ = {isa = PBXFileReference; lastKnownFileType = sourcecode.c.h; path = ViewController.h; sourceTree = "<group>"; };
		F55FD4421D47520C00F2E5F5 /* ViewController.m */ = {isa = PBXFileReference; lastKnownFileType = sourcecode.c.objc; path = ViewController.m; sourceTree = "<group>"; };
		F55FD4451D47520C00F2E5F5 /* Base */ = {isa = PBXFileReference; lastKnownFileType = file.storyboard; name = Base; path = Base.lproj/Main.storyboard; sourceTree = "<group>"; };
		F55FD4471D47520C00F2E5F5 /* Assets.xcassets */ = {isa = PBXFileReference; lastKnownFileType = folder.assetcatalog; path = Assets.xcassets; sourceTree = "<group>"; };
		F55FD44A1D47520C00F2E5F5 /* Base */ = {isa = PBXFileReference; lastKnownFileType = file.storyboard; name = Base; path = Base.lproj/LaunchScreen.storyboard; sourceTree = "<group>"; };
		F55FD44C1D47520C00F2E5F5 /* Info.plist */ = {isa = PBXFileReference; lastKnownFileType = text.plist.xml; path = Info.plist; sourceTree = "<group>"; };
		F55FD4521D4754FE00F2E5F5 /* MyTestFile.h */ = {isa = PBXFileReference; fileEncoding = 4; lastKnownFileType = sourcecode.c.h; path = MyTestFile.h; sourceTree = "<group>"; };
		F55FD4531D4754FE00F2E5F5 /* MyTestFile.m */ = {isa = PBXFileReference; fileEncoding = 4; lastKnownFileType = sourcecode.c.objc; path = MyTestFile.m; sourceTree = "<group>"; };
/* End PBXFileReference section */

/* Begin PBXFrameworksBuildPhase section */
		F55FD4351D47520C00F2E5F5 /* Frameworks */ = {
			isa = PBXFrameworksBuildPhase;
			buildActionMask = 2147483647;
			files = (
			);
			runOnlyForDeploymentPostprocessing = 0;
		};
/* End PBXFrameworksBuildPhase section */

/* Begin PBXGroup section */
		F55FD42F1D47520C00F2E5F5 = {
			isa = PBXGroup;
			children = (
				F55FD43A1D47520C00F2E5F5 /* GitHub */,
				F55FD4391D47520C00F2E5F5 /* Products */,
			);
			sourceTree = "<group>";
		};
		F55FD4391D47520C00F2E5F5 /* Products */ = {
			isa = PBXGroup;
			children = (
				F55FD4381D47520C00F2E5F5 /* GitHub.app */,
			);
			name = Products;
			sourceTree = "<group>";
		};
		F55FD43A1D47520C00F2E5F5 /* GitHub */ = {
			isa = PBXGroup;
			children = (
				F55FD4521D4754FE00F2E5F5 /* MyTestFile.h */,
				F55FD4531D4754FE00F2E5F5 /* MyTestFile.m */,
				F55FD43E1D47520C00F2E5F5 /* AppDelegate.h */,
				F55FD43F1D47520C00F2E5F5 /* AppDelegate.m */,
				F55FD4411D47520C00F2E5F5 /* ViewController.h */,
				F55FD4421D47520C00F2E5F5 /* ViewController.m */,
				F55FD4441D47520C00F2E5F5 /* Main.storyboard */,
				F55FD4471D47520C00F2E5F5 /* Assets.xcassets */,
				F55FD4491D47520C00F2E5F5 /* LaunchScreen.storyboard */,
				F55FD44C1D47520C00F2E5F5 /* Info.plist */,
				F55FD43B1D47520C00F2E5F5 /* Supporting Files */,
			);
			path = GitHub;
			sourceTree = "<group>";
		};
		F55FD43B1D47520C00F2E5F5 /* Supporting Files */ = {
			isa = PBXGroup;
			children = (
				F55FD43C1D47520C00F2E5F5 /* main.m */,
			);
			name = "Supporting Files";
			sourceTree = "<group>";
		};
/* End PBXGroup section */

/* Begin PBXNativeTarget section */
		F55FD4371D47520C00F2E5F5 /* GitHub */ = {
			isa = PBXNativeTarget;
			buildConfigurationList = F55FD44F1D47520C00F2E5F5 /* Build configuration list for PBXNativeTarget "GitHub" */;
			buildPhases = (
				F55FD4341D47520C00F2E5F5 /* Sources */,
				F55FD4351D47520C00F2E5F5 /* Frameworks */,
				F55FD4361D47520C00F2E5F5 /* Resources */,
			);
			buildRules = (
			);
			dependencies = (
			);
			name = GitHub;
			productName = GitHub;
			productReference = F55FD4381D47520C00F2E5F5 /* GitHub.app */;
			productType = "com.apple.product-type.application";
		};
/* End PBXNativeTarget section */

/* Begin PBXProject section */
		F55FD4301D47520C00F2E5F5 /* Project object */ = {
			isa = PBXProject;
			attributes = {
				LastUpgradeCheck = 0730;
				ORGANIZATIONNAME = "Seryozha Movsisyan";
				TargetAttributes = {
					F55FD4371D47520C00F2E5F5 = {
						CreatedOnToolsVersion = 7.3;
					};
				};
			};
			buildConfigurationList = F55FD4331D47520C00F2E5F5 /* Build configuration list for PBXProject "GitHub" */;
			compatibilityVersion = "Xcode 3.2";
			developmentRegion = English;
			hasScannedForEncodings = 0;
			knownRegions = (
				en,
				Base,
			);
			mainGroup = F55FD42F1D47520C00F2E5F5;
			productRefGroup = F55FD4391D47520C00F2E5F5 /* Products */;
			projectDirPath = "";
			projectRoot = "";
			targets = (
				F55FD4371D47520C00F2E5F5 /* GitHub */,
			);
		};
/* End PBXProject section */

/* Begin PBXResourcesBuildPhase section */
		F55FD4361D47520C00F2E5F5 /* Resources */ = {
			isa = PBXResourcesBuildPhase;
			buildActionMask = 2147483647;
			files = (
				F55FD44B1D47520C00F2E5F5 /* LaunchScreen.storyboard in Resources */,
				F55FD4481D47520C00F2E5F5 /* Assets.xcassets in Resources */,
				F55FD4461D47520C00F2E5F5 /* Main.storyboard in Resources */,
			);
			runOnlyForDeploymentPostprocessing = 0;
		};
/* End PBXResourcesBuildPhase section */

/* Begin PBXSourcesBuildPhase section */
		F55FD4341D47520C00F2E5F5 /* Sources */ = {
			isa = PBXSourcesBuildPhase;
			buildActionMask = 2147483647;
			files = (
				F55FD4431D47520C00F2E5F5 /* ViewController.m in Sources */,
				F55FD4541D4754FE00F2E5F5 /* MyTestFile.m in Sources */,
				F55FD4401D47520C00F2E5F5 /* AppDelegate.m in Sources */,
				F55FD43D1D47520C00F2E5F5 /* main.m in Sources */,
			);
			runOnlyForDeploymentPostprocessing = 0;
		};
/* End PBXSourcesBuildPhase section */

/* Begin PBXVariantGroup section */
		F55FD4441D47520C00F2E5F5 /* Main.storyboard */ = {
			isa = PBXVariantGroup;
			children = (
				F55FD4451D47520C00F2E5F5 /* Base */,
			);
			name = Main.storyboard;
			sourceTree = "<group>";
		};
		F55FD4491D47520C00F2E5F5 /* LaunchScreen.storyboard */ = {
			isa = PBXVariantGroup;
			children = (
				F55FD44A1D47520C00F2E5F5 /* Base */,
			);
			name = LaunchScreen.storyboard;
			sourceTree = "<group>";
		};
/* End PBXVariantGroup section */

/* Begin XCBuildConfiguration section */
		F55FD44D1D47520C00F2E5F5 /* Debug */ = {
			isa = XCBuildConfiguration;
			buildSettings = {
				ALWAYS_SEARCH_USER_PATHS = NO;
				CLANG_ANALYZER_NONNULL = YES;
				CLANG_CXX_LANGUAGE_STANDARD = "gnu++0x";
				CLANG_CXX_LIBRARY = "libc++";
				CLANG_ENABLE_MODULES = YES;
				CLANG_ENABLE_OBJC_ARC = YES;
				CLANG_WARN_BOOL_CONVERSION = YES;
				CLANG_WARN_CONSTANT_CONVERSION = YES;
				CLANG_WARN_DIRECT_OBJC_ISA_USAGE = YES_ERROR;
				CLANG_WARN_EMPTY_BODY = YES;
				CLANG_WARN_ENUM_CONVERSION = YES;
				CLANG_WARN_INT_CONVERSION = YES;
				CLANG_WARN_OBJC_ROOT_CLASS = YES_ERROR;
				CLANG_WARN_UNREACHABLE_CODE = YES;
				CLANG_WARN__DUPLICATE_METHOD_MATCH = YES;
				"CODE_SIGN_IDENTITY[sdk=iphoneos*]" = "iPhone Developer";
				COPY_PHASE_STRIP = NO;
				DEBUG_INFORMATION_FORMAT = dwarf;
				ENABLE_STRICT_OBJC_MSGSEND = YES;
				ENABLE_TESTABILITY = YES;
				GCC_C_LANGUAGE_STANDARD = gnu99;
				GCC_DYNAMIC_NO_PIC = NO;
				GCC_NO_COMMON_BLOCKS = YES;
				GCC_OPTIMIZATION_LEVEL = 0;
				GCC_PREPROCESSOR_DEFINITIONS = (
					"DEBUG=1",
					"$(inherited)",
				);
				GCC_WARN_64_TO_32_BIT_CONVERSION = YES;
				GCC_WARN_ABOUT_RETURN_TYPE = YES_ERROR;
				GCC_WARN_UNDECLARED_SELECTOR = YES;
				GCC_WARN_UNINITIALIZED_AUTOS = YES_AGGRESSIVE;
				GCC_WARN_UNUSED_FUNCTION = YES;
				GCC_WARN_UNUSED_VARIABLE = YES;
				IPHONEOS_DEPLOYMENT_TARGET = 9.3;
				MTL_ENABLE_DEBUG_INFO = YES;
				ONLY_ACTIVE_ARCH = YES;
				SDKROOT = iphoneos;
				TARGETED_DEVICE_FAMILY = "1,2";
			};
			name = Debug;
		};
		F55FD44E1D47520C00F2E5F5 /* Release */ = {
			isa = XCBuildConfiguration;
			buildSettings = {
				ALWAYS_SEARCH_USER_PATHS = NO;
				CLANG_ANALYZER_NONNULL = YES;
				CLANG_CXX_LANGUAGE_STANDARD = "gnu++0x";
				CLANG_CXX_LIBRARY = "libc++";
				CLANG_ENABLE_MODULES = YES;
				CLANG_ENABLE_OBJC_ARC = YES;
				CLANG_WARN_BOOL_CONVERSION = YES;
				CLANG_WARN_CONSTANT_CONVERSION = YES;
				CLANG_WARN_DIRECT_OBJC_ISA_USAGE = YES_ERROR;
				CLANG_WARN_EMPTY_BODY = YES;
				CLANG_WARN_ENUM_CONVERSION = YES;
				CLANG_WARN_INT_CONVERSION = YES;
				CLANG_WARN_OBJC_ROOT_CLASS = YES_ERROR;
				CLANG_WARN_UNREACHABLE_CODE = YES;
				CLANG_WARN__DUPLICATE_METHOD_MATCH = YES;
				"CODE_SIGN_IDENTITY[sdk=iphoneos*]" = "iPhone Developer";
				COPY_PHASE_STRIP = NO;
				DEBUG_INFORMATION_FORMAT = "dwarf-with-dsym";
				ENABLE_NS_ASSERTIONS = NO;
				ENABLE_STRICT_OBJC_MSGSEND = YES;
				GCC_C_LANGUAGE_STANDARD = gnu99;
				GCC_NO_COMMON_BLOCKS = YES;
				GCC_WARN_64_TO_32_BIT_CONVERSION = YES;
				GCC_WARN_ABOUT_RETURN_TYPE = YES_ERROR;
				GCC_WARN_UNDECLARED_SELECTOR = YES;
				GCC_WARN_UNINITIALIZED_AUTOS = YES_AGGRESSIVE;
				GCC_WARN_UNUSED_FUNCTION = YES;
				GCC_WARN_UNUSED_VARIABLE = YES;
				IPHONEOS_DEPLOYMENT_TARGET = 9.3;
				MTL_ENABLE_DEBUG_INFO = NO;
				SDKROOT = iphoneos;
				TARGETED_DEVICE_FAMILY = "1,2";
				VALIDATE_PRODUCT = YES;
			};
			name = Release;
		};
		F55FD4501D47520C00F2E5F5 /* Debug */ = {
			isa = XCBuildConfiguration;
			buildSettings = {
				ASSETCATALOG_COMPILER_APPICON_NAME = AppIcon;
				INFOPLIST_FILE = GitHub/Info.plist;
				LD_RUNPATH_SEARCH_PATHS = "$(inherited) @executable_path/Frameworks";
				PRODUCT_BUNDLE_IDENTIFIER = SM.GitHub;
				PRODUCT_NAME = "$(TARGET_NAME)";
			};
			name = Debug;
		};
		F55FD4511D47520C00F2E5F5 /* Release */ = {
			isa = XCBuildConfiguration;
			buildSettings = {
				ASSETCATALOG_COMPILER_APPICON_NAME = AppIcon;
				INFOPLIST_FILE = GitHub/Info.plist;
				LD_RUNPATH_SEARCH_PATHS = "$(inherited) @executable_path/Frameworks";
				PRODUCT_BUNDLE_IDENTIFIER = SM.GitHub;
				PRODUCT_NAME = "$(TARGET_NAME)";
			};
			name = Release;
		};
/* End XCBuildConfiguration section */

/* Begin XCConfigurationList section */
		F55FD4331D47520C00F2E5F5 /* Build configuration list for PBXProject "GitHub" */ = {
			isa = XCConfigurationList;
			buildConfigurations = (
				F55FD44D1D47520C00F2E5F5 /* Debug */,
				F55FD44E1D47520C00F2E5F5 /* Release */,
			);
			defaultConfigurationIsVisible = 0;
			defaultConfigurationName = Release;
		};
		F55FD44F1D47520C00F2E5F5 /* Build configuration list for PBXNativeTarget "GitHub" */ = {
			isa = XCConfigurationList;
			buildConfigurations = (
				F55FD4501D47520C00F2E5F5 /* Debug */,
				F55FD4511D47520C00F2E5F5 /* Release */,
			);
			defaultConfigurationIsVisible = 0;
		};
/* End XCConfigurationList section */
	};
	rootObject = F55FD4301D47520C00F2E5F5 /* Project object */;
}
